
Microsoft Visual Studio Solution File, Format Version 12.00
# Visual Studio Version 17
VisualStudioVersion = 17.3.32922.545
MinimumVisualStudioVersion = 10.0.40219.1
Project("{FAE04EC0-301F-11D3-BF4B-00C04F79EFBC}") = "AoC2022", "AoC2022\AoC2022.csproj", "{B40255E5-CF36-4B56-B90B-019B2DF67BC8}"
EndProject
Global
	GlobalSection(SolutionConfigurationPlatforms) = preSolution
		Debug|Any CPU = Debug|Any CPU
		Release|Any CPU = Release|Any CPU
	EndGlobalSection
	GlobalSection(ProjectConfigurationPlatforms) = postSolution
		{B40255E5-CF36-4B56-B90B-019B2DF67BC8}.Debug|Any CPU.ActiveCfg = Debug|Any CPU
		{B40255E5-CF36-4B56-B90B-019B2DF67BC8}.Debug|Any CPU.Build.0 = Debug|Any CPU
		{B40255E5-CF36-4B56-B90B-019B2DF67BC8}.Release|Any CPU.ActiveCfg = Release|Any CPU
		{B40255E5-CF36-4B56-B90B-019B2DF67BC8}.Release|Any CPU.Build.0 = Release|Any CPU
	EndGlobalSection
	GlobalSection(SolutionProperties) = preSolution
		HideSolutionNode = FALSE
	EndGlobalSection
	GlobalSection(ExtensibilityGlobals) = postSolution
		SolutionGuid = {57934FB0-A44D-4BF2-A174-3EF53B1DC47F}
	EndGlobalSection
EndGlobal
